# This file is automatically @generated by Cargo.
# It is not intended for manual editing.
version = 3

[[package]]
name = "nice_api"
version = "3.0.0"
dependencies = [
 "nice_common",
]

[[package]]
name = "nice_client"
version = "3.0.0"
dependencies = [
 "nice_common",
]

[[package]]
name = "nice_common"
version = "3.0.0"
